
Microsoft Visual Studio Solution File, Format Version 12.00
# Visual Studio Version 17
VisualStudioVersion = 17.10.35004.147
MinimumVisualStudioVersion = 10.0.40219.1
Project("{FAE04EC0-301F-11D3-BF4B-00C04F79EFBC}") = "inheritanceDay2", "inheritanceDay2\inheritanceDay2.csproj", "{16E2B89E-113E-4851-91E3-6B96B8704D71}"
EndProject
Global
	GlobalSection(SolutionConfigurationPlatforms) = preSolution
		Debug|Any CPU = Debug|Any CPU
		Release|Any CPU = Release|Any CPU
	EndGlobalSection
	GlobalSection(ProjectConfigurationPlatforms) = postSolution
		{16E2B89E-113E-4851-91E3-6B96B8704D71}.Debug|Any CPU.ActiveCfg = Debug|Any CPU
		{16E2B89E-113E-4851-91E3-6B96B8704D71}.Debug|Any CPU.Build.0 = Debug|Any CPU
		{16E2B89E-113E-4851-91E3-6B96B8704D71}.Release|Any CPU.ActiveCfg = Release|Any CPU
		{16E2B89E-113E-4851-91E3-6B96B8704D71}.Release|Any CPU.Build.0 = Release|Any CPU
	EndGlobalSection
	GlobalSection(SolutionProperties) = preSolution
		HideSolutionNode = FALSE
	EndGlobalSection
	GlobalSection(ExtensibilityGlobals) = postSolution
		SolutionGuid = {388AD90C-8722-4E17-85AA-618722216F9A}
	EndGlobalSection
EndGlobal
