
Microsoft Visual Studio Solution File, Format Version 12.00
# Visual Studio Version 17
VisualStudioVersion = 17.10.35004.147
MinimumVisualStudioVersion = 10.0.40219.1
Project("{FAE04EC0-301F-11D3-BF4B-00C04F79EFBC}") = "interface", "interface\interface.csproj", "{59BB495D-F279-4B19-AD4E-42F58CDE86A9}"
EndProject
Global
	GlobalSection(SolutionConfigurationPlatforms) = preSolution
		Debug|Any CPU = Debug|Any CPU
		Release|Any CPU = Release|Any CPU
	EndGlobalSection
	GlobalSection(ProjectConfigurationPlatforms) = postSolution
		{59BB495D-F279-4B19-AD4E-42F58CDE86A9}.Debug|Any CPU.ActiveCfg = Debug|Any CPU
		{59BB495D-F279-4B19-AD4E-42F58CDE86A9}.Debug|Any CPU.Build.0 = Debug|Any CPU
		{59BB495D-F279-4B19-AD4E-42F58CDE86A9}.Release|Any CPU.ActiveCfg = Release|Any CPU
		{59BB495D-F279-4B19-AD4E-42F58CDE86A9}.Release|Any CPU.Build.0 = Release|Any CPU
	EndGlobalSection
	GlobalSection(SolutionProperties) = preSolution
		HideSolutionNode = FALSE
	EndGlobalSection
	GlobalSection(ExtensibilityGlobals) = postSolution
		SolutionGuid = {7534A7CC-D746-46D5-9847-7FFD773D0B20}
	EndGlobalSection
EndGlobal
