
Microsoft Visual Studio Solution File, Format Version 12.00
# Visual Studio Version 17
VisualStudioVersion = 17.10.35004.147
MinimumVisualStudioVersion = 10.0.40219.1
Project("{FAE04EC0-301F-11D3-BF4B-00C04F79EFBC}") = "qtn", "qtn\qtn.csproj", "{E53EB6FD-AAB0-4DA4-8BA5-61AFDA78F15F}"
EndProject
Global
	GlobalSection(SolutionConfigurationPlatforms) = preSolution
		Debug|Any CPU = Debug|Any CPU
		Release|Any CPU = Release|Any CPU
	EndGlobalSection
	GlobalSection(ProjectConfigurationPlatforms) = postSolution
		{E53EB6FD-AAB0-4DA4-8BA5-61AFDA78F15F}.Debug|Any CPU.ActiveCfg = Debug|Any CPU
		{E53EB6FD-AAB0-4DA4-8BA5-61AFDA78F15F}.Debug|Any CPU.Build.0 = Debug|Any CPU
		{E53EB6FD-AAB0-4DA4-8BA5-61AFDA78F15F}.Release|Any CPU.ActiveCfg = Release|Any CPU
		{E53EB6FD-AAB0-4DA4-8BA5-61AFDA78F15F}.Release|Any CPU.Build.0 = Release|Any CPU
	EndGlobalSection
	GlobalSection(SolutionProperties) = preSolution
		HideSolutionNode = FALSE
	EndGlobalSection
	GlobalSection(ExtensibilityGlobals) = postSolution
		SolutionGuid = {54B80305-1687-4F68-BE04-50D86B44F73C}
	EndGlobalSection
EndGlobal
